
Microsoft Visual Studio Solution File, Format Version 12.00
# Visual Studio Version 17
VisualStudioVersion = 17.3.32901.215
MinimumVisualStudioVersion = 10.0.40219.1
Project("{FAE04EC0-301F-11D3-BF4B-00C04F79EFBC}") = "DishyApi", "DishyApi\DishyApi.csproj", "{1FA66833-75C2-4709-AC29-F1406EEA570E}"
EndProject
Global
	GlobalSection(SolutionConfigurationPlatforms) = preSolution
		Debug|Any CPU = Debug|Any CPU
		Release|Any CPU = Release|Any CPU
	EndGlobalSection
	GlobalSection(ProjectConfigurationPlatforms) = postSolution
		{1FA66833-75C2-4709-AC29-F1406EEA570E}.Debug|Any CPU.ActiveCfg = Debug|Any CPU
		{1FA66833-75C2-4709-AC29-F1406EEA570E}.Debug|Any CPU.Build.0 = Debug|Any CPU
		{1FA66833-75C2-4709-AC29-F1406EEA570E}.Release|Any CPU.ActiveCfg = Release|Any CPU
		{1FA66833-75C2-4709-AC29-F1406EEA570E}.Release|Any CPU.Build.0 = Release|Any CPU
	EndGlobalSection
	GlobalSection(SolutionProperties) = preSolution
		HideSolutionNode = FALSE
	EndGlobalSection
	GlobalSection(ExtensibilityGlobals) = postSolution
		SolutionGuid = {E4E35D2E-9D95-4343-90F0-95949CA34C7A}
	EndGlobalSection
EndGlobal
